
Microsoft Visual Studio Solution File, Format Version 12.00
# Visual Studio Version 16
VisualStudioVersion = 16.0.31515.178
MinimumVisualStudioVersion = 10.0.40219.1
Project("{9A19103F-16F7-4668-BE54-9A1E7A4F7556}") = "CarsPresentationLayer", "CarsService\CarsPresentationLayer.csproj", "{87331D1E-5CE1-4A2F-8825-CDCC54A987D4}"
EndProject
Project("{9A19103F-16F7-4668-BE54-9A1E7A4F7556}") = "CarsBuisnessLayer", "CarsBuisnessLayer\CarsBuisnessLayer.csproj", "{3227C91B-DBB0-437E-9CE8-7A1F45167E93}"
EndProject
Project("{9A19103F-16F7-4668-BE54-9A1E7A4F7556}") = "CarsDataLayer", "CarsDataLayer\CarsDataLayer.csproj", "{7CE6E7A6-E37E-4BDB-AB29-84B7EBD264CA}"
EndProject
Project("{9A19103F-16F7-4668-BE54-9A1E7A4F7556}") = "CarsCore", "CarsCore\CarsCore.csproj", "{DE31AD49-8D34-47D3-8284-B9A50279C5D8}"
EndProject
Project("{00D1A9C2-B5F0-4AF3-8072-F6C62B433612}") = "CarsMsSql", "CarsMsSql\CarsMsSql.sqlproj", "{87B1EA1E-C033-4D3A-B3A7-6CBF3889A184}"
EndProject
Project("{FAE04EC0-301F-11D3-BF4B-00C04F79EFBC}") = "CarsBuisnessLayerTest", "CarsBuisnessLayerTest\CarsBuisnessLayerTest.csproj", "{0ABD2F54-7A49-4D3C-ABBA-8E0FD4400640}"
EndProject
Global
	GlobalSection(SolutionConfigurationPlatforms) = preSolution
		Debug|Any CPU = Debug|Any CPU
		Release|Any CPU = Release|Any CPU
	EndGlobalSection
	GlobalSection(ProjectConfigurationPlatforms) = postSolution
		{87331D1E-5CE1-4A2F-8825-CDCC54A987D4}.Debug|Any CPU.ActiveCfg = Debug|Any CPU
		{87331D1E-5CE1-4A2F-8825-CDCC54A987D4}.Debug|Any CPU.Build.0 = Debug|Any CPU
		{87331D1E-5CE1-4A2F-8825-CDCC54A987D4}.Release|Any CPU.ActiveCfg = Release|Any CPU
		{87331D1E-5CE1-4A2F-8825-CDCC54A987D4}.Release|Any CPU.Build.0 = Release|Any CPU
		{3227C91B-DBB0-437E-9CE8-7A1F45167E93}.Debug|Any CPU.ActiveCfg = Debug|Any CPU
		{3227C91B-DBB0-437E-9CE8-7A1F45167E93}.Debug|Any CPU.Build.0 = Debug|Any CPU
		{3227C91B-DBB0-437E-9CE8-7A1F45167E93}.Release|Any CPU.ActiveCfg = Release|Any CPU
		{3227C91B-DBB0-437E-9CE8-7A1F45167E93}.Release|Any CPU.Build.0 = Release|Any CPU
		{7CE6E7A6-E37E-4BDB-AB29-84B7EBD264CA}.Debug|Any CPU.ActiveCfg = Debug|Any CPU
		{7CE6E7A6-E37E-4BDB-AB29-84B7EBD264CA}.Debug|Any CPU.Build.0 = Debug|Any CPU
		{7CE6E7A6-E37E-4BDB-AB29-84B7EBD264CA}.Release|Any CPU.ActiveCfg = Release|Any CPU
		{7CE6E7A6-E37E-4BDB-AB29-84B7EBD264CA}.Release|Any CPU.Build.0 = Release|Any CPU
		{DE31AD49-8D34-47D3-8284-B9A50279C5D8}.Debug|Any CPU.ActiveCfg = Debug|Any CPU
		{DE31AD49-8D34-47D3-8284-B9A50279C5D8}.Debug|Any CPU.Build.0 = Debug|Any CPU
		{DE31AD49-8D34-47D3-8284-B9A50279C5D8}.Release|Any CPU.ActiveCfg = Release|Any CPU
		{DE31AD49-8D34-47D3-8284-B9A50279C5D8}.Release|Any CPU.Build.0 = Release|Any CPU
		{87B1EA1E-C033-4D3A-B3A7-6CBF3889A184}.Debug|Any CPU.ActiveCfg = Debug|Any CPU
		{87B1EA1E-C033-4D3A-B3A7-6CBF3889A184}.Debug|Any CPU.Build.0 = Debug|Any CPU
		{87B1EA1E-C033-4D3A-B3A7-6CBF3889A184}.Debug|Any CPU.Deploy.0 = Debug|Any CPU
		{87B1EA1E-C033-4D3A-B3A7-6CBF3889A184}.Release|Any CPU.ActiveCfg = Release|Any CPU
		{87B1EA1E-C033-4D3A-B3A7-6CBF3889A184}.Release|Any CPU.Build.0 = Release|Any CPU
		{87B1EA1E-C033-4D3A-B3A7-6CBF3889A184}.Release|Any CPU.Deploy.0 = Release|Any CPU
		{0ABD2F54-7A49-4D3C-ABBA-8E0FD4400640}.Debug|Any CPU.ActiveCfg = Debug|Any CPU
		{0ABD2F54-7A49-4D3C-ABBA-8E0FD4400640}.Debug|Any CPU.Build.0 = Debug|Any CPU
		{0ABD2F54-7A49-4D3C-ABBA-8E0FD4400640}.Release|Any CPU.ActiveCfg = Release|Any CPU
		{0ABD2F54-7A49-4D3C-ABBA-8E0FD4400640}.Release|Any CPU.Build.0 = Release|Any CPU
	EndGlobalSection
	GlobalSection(SolutionProperties) = preSolution
		HideSolutionNode = FALSE
	EndGlobalSection
	GlobalSection(ExtensibilityGlobals) = postSolution
		SolutionGuid = {D5C1DC18-B3F8-4EBC-90F3-0E905179482F}
	EndGlobalSection
EndGlobal
